
Microsoft Visual Studio Solution File, Format Version 12.00
# Visual Studio 15
VisualStudioVersion = 15.0.27130.2027
MinimumVisualStudioVersion = 10.0.40219.1
Project("{FAE04EC0-301F-11D3-BF4B-00C04F79EFBC}") = "MillionsEyesWebApi", "MillionsEyesWebApi\MillionsEyesWebApi.csproj", "{2C4D93FE-9C93-4939-B53E-6ABF8E0E3673}"
EndProject
Global
	GlobalSection(SolutionConfigurationPlatforms) = preSolution
		Debug|Any CPU = Debug|Any CPU
		Release|Any CPU = Release|Any CPU
	EndGlobalSection
	GlobalSection(ProjectConfigurationPlatforms) = postSolution
		{2C4D93FE-9C93-4939-B53E-6ABF8E0E3673}.Debug|Any CPU.ActiveCfg = Debug|Any CPU
		{2C4D93FE-9C93-4939-B53E-6ABF8E0E3673}.Debug|Any CPU.Build.0 = Debug|Any CPU
		{2C4D93FE-9C93-4939-B53E-6ABF8E0E3673}.Release|Any CPU.ActiveCfg = Release|Any CPU
		{2C4D93FE-9C93-4939-B53E-6ABF8E0E3673}.Release|Any CPU.Build.0 = Release|Any CPU
	EndGlobalSection
	GlobalSection(SolutionProperties) = preSolution
		HideSolutionNode = FALSE
	EndGlobalSection
	GlobalSection(ExtensibilityGlobals) = postSolution
		SolutionGuid = {6F574162-B312-45DA-83F1-15BD978DD486}
	EndGlobalSection
EndGlobal
