{
  "requires": true,
  "lockfileVersion": 1,
  "dependencies": {
    "@types/geojson": {
      "version": "7946.0.2",
      "resolved": "https://registry.npmjs.org/@types/geojson/-/geojson-7946.0.2.tgz",
      "integrity": "sha512-JuRe9eeID7XvL7viIcFqIAAXDLfyRcImIWE/XjBIhrUZjxX5z4fLcF3QXS9zYnvIn8mmtW/7OxDV3XC8QMb7OA=="
    },
    "@types/highcharts": {
      "version": "5.0.20",
      "resolved": "https://registry.npmjs.org/@types/highcharts/-/highcharts-5.0.20.tgz",
      "integrity": "sha512-+c8G7w6N6Yo20MvVD687D9BxCmtCjnab87y7dHHMKTh91ZfGhqg/bVjKS0SObaKsqBqlYhX179mqvFmFBx962g==",
      "requires": {
        "@types/geojson": "7946.0.2"
      }
    }
  }
}
